// !$*UTF8*$!
{
	archiveVersion = 1;
	classes = {
	};
	objectVersion = 46;
	objects = {

/* Begin PBXBuildFile section */
		CA10DEE315D3F42800D46987 /* Cocoa.framework in Frameworks */ = {isa = PBXBuildFile; fileRef = CA10DEE215D3F42800D46987 /* Cocoa.framework */; };
		CA10DEED15D3F42800D46987 /* InfoPlist.strings in Resources */ = {isa = PBXBuildFile; fileRef = CA10DEEB15D3F42800D46987 /* InfoPlist.strings */; };
		CA10DEEF15D3F42800D46987 /* main.m in Sources */ = {isa = PBXBuildFile; fileRef = CA10DEEE15D3F42800D46987 /* main.m */; };
		CA10DEF315D3F42800D46987 /* Credits.rtf in Resources */ = {isa = PBXBuildFile; fileRef = CA10DEF115D3F42800D46987 /* Credits.rtf */; };
		CA10DEF615D3F42800D46987 /* AppDelegate.m in Sources */ = {isa = PBXBuildFile; fileRef = CA10DEF515D3F42800D46987 /* AppDelegate.m */; };
		CA10DEF915D3F42900D46987 /* MainMenu.xib in Resources */ = {isa = PBXBuildFile; fileRef = CA10DEF715D3F42900D46987 /* MainMenu.xib */; };
		CA10DF0515D3F87E00D46987 /* WebKit.framework in Frameworks */ = {isa = PBXBuildFile; fileRef = CA10DF0415D3F87D00D46987 /* WebKit.framework */; };
		CA10DF0F15D3F8AB00D46987 /* AppleJam.js in Sources */ = {isa = PBXBuildFile; fileRef = CA10DF0815D3F8AB00D46987 /* AppleJam.js */; };
		CA10DF1015D3F8AB00D46987 /* AppleJam.m in Sources */ = {isa = PBXBuildFile; fileRef = CA10DF0915D3F8AB00D46987 /* AppleJam.m */; };
		CA10DF1115D3F8AB00D46987 /* JamCommand.m in Sources */ = {isa = PBXBuildFile; fileRef = CA10DF0B15D3F8AB00D46987 /* JamCommand.m */; };
		CA10DF1215D3F8AB00D46987 /* jquery.js in Sources */ = {isa = PBXBuildFile; fileRef = CA10DF0C15D3F8AB00D46987 /* jquery.js */; };
		CA10DF1315D3F8AB00D46987 /* JSONKit.m in Sources */ = {isa = PBXBuildFile; fileRef = CA10DF0E15D3F8AB00D46987 /* JSONKit.m */; };
		CA10DF1515D3F8BD00D46987 /* README.mdown in Resources */ = {isa = PBXBuildFile; fileRef = CA10DF1415D3F8BD00D46987 /* README.mdown */; };
/* End PBXBuildFile section */

/* Begin PBXFileReference section */
		CA10DEDE15D3F42800D46987 /* AppleJamDemo.app */ = {isa = PBXFileReference; explicitFileType = wrapper.application; includeInIndex = 0; path = AppleJamDemo.app; sourceTree = BUILT_PRODUCTS_DIR; };
		CA10DEE215D3F42800D46987 /* Cocoa.framework */ = {isa = PBXFileReference; lastKnownFileType = wrapper.framework; name = Cocoa.framework; path = System/Library/Frameworks/Cocoa.framework; sourceTree = SDKROOT; };
		CA10DEE515D3F42800D46987 /* AppKit.framework */ = {isa = PBXFileReference; lastKnownFileType = wrapper.framework; name = AppKit.framework; path = System/Library/Frameworks/AppKit.framework; sourceTree = SDKROOT; };
		CA10DEE615D3F42800D46987 /* CoreData.framework */ = {isa = PBXFileReference; lastKnownFileType = wrapper.framework; name = CoreData.framework; path = System/Library/Frameworks/CoreData.framework; sourceTree = SDKROOT; };
		CA10DEE715D3F42800D46987 /* Foundation.framework */ = {isa = PBXFileReference; lastKnownFileType = wrapper.framework; name = Foundation.framework; path = System/Library/Frameworks/Foundation.framework; sourceTree = SDKROOT; };
		CA10DEEA15D3F42800D46987 /* AppleJamDemo-Info.plist */ = {isa = PBXFileReference; lastKnownFileType = text.plist.xml; path = "AppleJamDemo-Info.plist"; sourceTree = "<group>"; };
		CA10DEEC15D3F42800D46987 /* en */ = {isa = PBXFileReference; lastKnownFileType = text.plist.strings; name = en; path = en.lproj/InfoPlist.strings; sourceTree = "<group>"; };
		CA10DEEE15D3F42800D46987 /* main.m */ = {isa = PBXFileReference; lastKnownFileType = sourcecode.c.objc; path = main.m; sourceTree = "<group>"; };
		CA10DEF015D3F42800D46987 /* AppleJamDemo-Prefix.pch */ = {isa = PBXFileReference; lastKnownFileType = sourcecode.c.h; path = "AppleJamDemo-Prefix.pch"; sourceTree = "<group>"; };
		CA10DEF215D3F42800D46987 /* en */ = {isa = PBXFileReference; lastKnownFileType = text.rtf; name = en; path = en.lproj/Credits.rtf; sourceTree = "<group>"; };
		CA10DEF415D3F42800D46987 /* AppDelegate.h */ = {isa = PBXFileReference; lastKnownFileType = sourcecode.c.h; path = AppDelegate.h; sourceTree = "<group>"; };
		CA10DEF515D3F42800D46987 /* AppDelegate.m */ = {isa = PBXFileReference; lastKnownFileType = sourcecode.c.objc; path = AppDelegate.m; sourceTree = "<group>"; };
		CA10DEFF15D3F66100D46987 /* Base */ = {isa = PBXFileReference; lastKnownFileType = file.xib; name = Base; path = Base.lproj/MainMenu.xib; sourceTree = "<group>"; };
		CA10DF0415D3F87D00D46987 /* WebKit.framework */ = {isa = PBXFileReference; lastKnownFileType = wrapper.framework; name = WebKit.framework; path = System/Library/Frameworks/WebKit.framework; sourceTree = SDKROOT; };
		CA10DF0715D3F8AB00D46987 /* AppleJam.h */ = {isa = PBXFileReference; fileEncoding = 4; lastKnownFileType = sourcecode.c.h; path = AppleJam.h; sourceTree = "<group>"; };
		CA10DF0815D3F8AB00D46987 /* AppleJam.js */ = {isa = PBXFileReference; fileEncoding = 4; lastKnownFileType = sourcecode.javascript; path = AppleJam.js; sourceTree = "<group>"; };
		CA10DF0915D3F8AB00D46987 /* AppleJam.m */ = {isa = PBXFileReference; fileEncoding = 4; lastKnownFileType = sourcecode.c.objc; path = AppleJam.m; sourceTree = "<group>"; };
		CA10DF0A15D3F8AB00D46987 /* JamCommand.h */ = {isa = PBXFileReference; fileEncoding = 4; lastKnownFileType = sourcecode.c.h; path = JamCommand.h; sourceTree = "<group>"; };
		CA10DF0B15D3F8AB00D46987 /* JamCommand.m */ = {isa = PBXFileReference; fileEncoding = 4; lastKnownFileType = sourcecode.c.objc; path = JamCommand.m; sourceTree = "<group>"; };
		CA10DF0C15D3F8AB00D46987 /* jquery.js */ = {isa = PBXFileReference; fileEncoding = 4; lastKnownFileType = sourcecode.javascript; path = jquery.js; sourceTree = "<group>"; };
		CA10DF0D15D3F8AB00D46987 /* JSONKit.h */ = {isa = PBXFileReference; fileEncoding = 4; lastKnownFileType = sourcecode.c.h; path = JSONKit.h; sourceTree = "<group>"; };
		CA10DF0E15D3F8AB00D46987 /* JSONKit.m */ = {isa = PBXFileReference; fileEncoding = 4; lastKnownFileType = sourcecode.c.objc; path = JSONKit.m; sourceTree = "<group>"; };
		CA10DF1415D3F8BD00D46987 /* README.mdown */ = {isa = PBXFileReference; fileEncoding = 4; lastKnownFileType = text; name = README.mdown; path = ../README.mdown; sourceTree = "<group>"; };
/* End PBXFileReference section */

/* Begin PBXFrameworksBuildPhase section */
		CA10DEDB15D3F42800D46987 /* Frameworks */ = {
			isa = PBXFrameworksBuildPhase;
			buildActionMask = 2147483647;
			files = (
				CA10DF0515D3F87E00D46987 /* WebKit.framework in Frameworks */,
				CA10DEE315D3F42800D46987 /* Cocoa.framework in Frameworks */,
			);
			runOnlyForDeploymentPostprocessing = 0;
		};
/* End PBXFrameworksBuildPhase section */

/* Begin PBXGroup section */
		CA10DED315D3F42800D46987 = {
			isa = PBXGroup;
			children = (
				CA10DF1415D3F8BD00D46987 /* README.mdown */,
				CA10DF0615D3F8AB00D46987 /* src */,
				CA10DEE815D3F42800D46987 /* AppleJamDemo */,
				CA10DEE115D3F42800D46987 /* Frameworks */,
				CA10DEDF15D3F42800D46987 /* Products */,
			);
			sourceTree = "<group>";
		};
		CA10DEDF15D3F42800D46987 /* Products */ = {
			isa = PBXGroup;
			children = (
				CA10DEDE15D3F42800D46987 /* AppleJamDemo.app */,
			);
			name = Products;
			sourceTree = "<group>";
		};
		CA10DEE115D3F42800D46987 /* Frameworks */ = {
			isa = PBXGroup;
			children = (
				CA10DF0415D3F87D00D46987 /* WebKit.framework */,
				CA10DEE215D3F42800D46987 /* Cocoa.framework */,
				CA10DEE415D3F42800D46987 /* Other Frameworks */,
			);
			name = Frameworks;
			sourceTree = "<group>";
		};
		CA10DEE415D3F42800D46987 /* Other Frameworks */ = {
			isa = PBXGroup;
			children = (
				CA10DEE515D3F42800D46987 /* AppKit.framework */,
				CA10DEE615D3F42800D46987 /* CoreData.framework */,
				CA10DEE715D3F42800D46987 /* Foundation.framework */,
			);
			name = "Other Frameworks";
			sourceTree = "<group>";
		};
		CA10DEE815D3F42800D46987 /* AppleJamDemo */ = {
			isa = PBXGroup;
			children = (
				CA10DEF415D3F42800D46987 /* AppDelegate.h */,
				CA10DEF515D3F42800D46987 /* AppDelegate.m */,
				CA10DEF715D3F42900D46987 /* MainMenu.xib */,
				CA10DEE915D3F42800D46987 /* Supporting Files */,
			);
			path = AppleJamDemo;
			sourceTree = "<group>";
		};
		CA10DEE915D3F42800D46987 /* Supporting Files */ = {
			isa = PBXGroup;
			children = (
				CA10DEEA15D3F42800D46987 /* AppleJamDemo-Info.plist */,
				CA10DEEB15D3F42800D46987 /* InfoPlist.strings */,
				CA10DEEE15D3F42800D46987 /* main.m */,
				CA10DEF015D3F42800D46987 /* AppleJamDemo-Prefix.pch */,
				CA10DEF115D3F42800D46987 /* Credits.rtf */,
			);
			name = "Supporting Files";
			sourceTree = "<group>";
		};
		CA10DF0615D3F8AB00D46987 /* src */ = {
			isa = PBXGroup;
			children = (
				CA10DF0715D3F8AB00D46987 /* AppleJam.h */,
				CA10DF0815D3F8AB00D46987 /* AppleJam.js */,
				CA10DF0915D3F8AB00D46987 /* AppleJam.m */,
				CA10DF0A15D3F8AB00D46987 /* JamCommand.h */,
				CA10DF0B15D3F8AB00D46987 /* JamCommand.m */,
				CA10DF0C15D3F8AB00D46987 /* jquery.js */,
				CA10DF0D15D3F8AB00D46987 /* JSONKit.h */,
				CA10DF0E15D3F8AB00D46987 /* JSONKit.m */,
			);
			name = src;
			path = ../src;
			sourceTree = "<group>";
		};
/* End PBXGroup section */

/* Begin PBXNativeTarget section */
		CA10DEDD15D3F42800D46987 /* AppleJamDemo */ = {
			isa = PBXNativeTarget;
			buildConfigurationList = CA10DEFC15D3F42900D46987 /* Build configuration list for PBXNativeTarget "AppleJamDemo" */;
			buildPhases = (
				CA10DEDA15D3F42800D46987 /* Sources */,
				CA10DEDB15D3F42800D46987 /* Frameworks */,
				CA10DEDC15D3F42800D46987 /* Resources */,
			);
			buildRules = (
			);
			dependencies = (
			);
			name = AppleJamDemo;
			productName = AppleJamDemo;
			productReference = CA10DEDE15D3F42800D46987 /* AppleJamDemo.app */;
			productType = "com.apple.product-type.application";
		};
/* End PBXNativeTarget section */

/* Begin PBXProject section */
		CA10DED515D3F42800D46987 /* Project object */ = {
			isa = PBXProject;
			attributes = {
				LastUpgradeCheck = 0440;
				ORGANIZATIONNAME = xhan;
			};
			buildConfigurationList = CA10DED815D3F42800D46987 /* Build configuration list for PBXProject "AppleJamDemo" */;
			compatibilityVersion = "Xcode 3.2";
			developmentRegion = English;
			hasScannedForEncodings = 0;
			knownRegions = (
				en,
			);
			mainGroup = CA10DED315D3F42800D46987;
			productRefGroup = CA10DEDF15D3F42800D46987 /* Products */;
			projectDirPath = "";
			projectRoot = "";
			targets = (
				CA10DEDD15D3F42800D46987 /* AppleJamDemo */,
			);
		};
/* End PBXProject section */

/* Begin PBXResourcesBuildPhase section */
		CA10DEDC15D3F42800D46987 /* Resources */ = {
			isa = PBXResourcesBuildPhase;
			buildActionMask = 2147483647;
			files = (
				CA10DEED15D3F42800D46987 /* InfoPlist.strings in Resources */,
				CA10DEF315D3F42800D46987 /* Credits.rtf in Resources */,
				CA10DEF915D3F42900D46987 /* MainMenu.xib in Resources */,
				CA10DF1515D3F8BD00D46987 /* README.mdown in Resources */,
			);
			runOnlyForDeploymentPostprocessing = 0;
		};
/* End PBXResourcesBuildPhase section */

/* Begin PBXSourcesBuildPhase section */
		CA10DEDA15D3F42800D46987 /* Sources */ = {
			isa = PBXSourcesBuildPhase;
			buildActionMask = 2147483647;
			files = (
				CA10DEEF15D3F42800D46987 /* main.m in Sources */,
				CA10DEF615D3F42800D46987 /* AppDelegate.m in Sources */,
				CA10DF0F15D3F8AB00D46987 /* AppleJam.js in Sources */,
				CA10DF1015D3F8AB00D46987 /* AppleJam.m in Sources */,
				CA10DF1115D3F8AB00D46987 /* JamCommand.m in Sources */,
				CA10DF1215D3F8AB00D46987 /* jquery.js in Sources */,
				CA10DF1315D3F8AB00D46987 /* JSONKit.m in Sources */,
			);
			runOnlyForDeploymentPostprocessing = 0;
		};
/* End PBXSourcesBuildPhase section */

/* Begin PBXVariantGroup section */
		CA10DEEB15D3F42800D46987 /* InfoPlist.strings */ = {
			isa = PBXVariantGroup;
			children = (
				CA10DEEC15D3F42800D46987 /* en */,
			);
			name = InfoPlist.strings;
			sourceTree = "<group>";
		};
		CA10DEF115D3F42800D46987 /* Credits.rtf */ = {
			isa = PBXVariantGroup;
			children = (
				CA10DEF215D3F42800D46987 /* en */,
			);
			name = Credits.rtf;
			sourceTree = "<group>";
		};
		CA10DEF715D3F42900D46987 /* MainMenu.xib */ = {
			isa = PBXVariantGroup;
			children = (
				CA10DEFF15D3F66100D46987 /* Base */,
			);
			name = MainMenu.xib;
			sourceTree = "<group>";
		};
/* End PBXVariantGroup section */

/* Begin XCBuildConfiguration section */
		CA10DEFA15D3F42900D46987 /* Debug */ = {
			isa = XCBuildConfiguration;
			buildSettings = {
				ALWAYS_SEARCH_USER_PATHS = NO;
				ARCHS = "$(ARCHS_STANDARD_64_BIT)";
				CLANG_CXX_LANGUAGE_STANDARD = "gnu++0x";
				CLANG_ENABLE_OBJC_ARC = YES;
				CLANG_WARN__DUPLICATE_METHOD_MATCH = YES;
				COPY_PHASE_STRIP = NO;
				GCC_C_LANGUAGE_STANDARD = gnu99;
				GCC_DYNAMIC_NO_PIC = NO;
				GCC_ENABLE_OBJC_EXCEPTIONS = YES;
				GCC_OPTIMIZATION_LEVEL = 0;
				GCC_PREPROCESSOR_DEFINITIONS = (
					"DEBUG=1",
					"$(inherited)",
				);
				GCC_SYMBOLS_PRIVATE_EXTERN = NO;
				GCC_WARN_64_TO_32_BIT_CONVERSION = YES;
				GCC_WARN_ABOUT_RETURN_TYPE = YES;
				GCC_WARN_UNINITIALIZED_AUTOS = YES;
				GCC_WARN_UNUSED_VARIABLE = YES;
				MACOSX_DEPLOYMENT_TARGET = 10.8;
				ONLY_ACTIVE_ARCH = YES;
				SDKROOT = macosx;
			};
			name = Debug;
		};
		CA10DEFB15D3F42900D46987 /* Release */ = {
			isa = XCBuildConfiguration;
			buildSettings = {
				ALWAYS_SEARCH_USER_PATHS = NO;
				ARCHS = "$(ARCHS_STANDARD_64_BIT)";
				CLANG_CXX_LANGUAGE_STANDARD = "gnu++0x";
				CLANG_ENABLE_OBJC_ARC = YES;
				CLANG_WARN__DUPLICATE_METHOD_MATCH = YES;
				COPY_PHASE_STRIP = YES;
				DEBUG_INFORMATION_FORMAT = "dwarf-with-dsym";
				GCC_C_LANGUAGE_STANDARD = gnu99;
				GCC_ENABLE_OBJC_EXCEPTIONS = YES;
				GCC_WARN_64_TO_32_BIT_CONVERSION = YES;
				GCC_WARN_ABOUT_RETURN_TYPE = YES;
				GCC_WARN_UNINITIALIZED_AUTOS = YES;
				GCC_WARN_UNUSED_VARIABLE = YES;
				MACOSX_DEPLOYMENT_TARGET = 10.8;
				SDKROOT = macosx;
			};
			name = Release;
		};
		CA10DEFD15D3F42900D46987 /* Debug */ = {
			isa = XCBuildConfiguration;
			buildSettings = {
				COMBINE_HIDPI_IMAGES = YES;
				GCC_PRECOMPILE_PREFIX_HEADER = YES;
				GCC_PREFIX_HEADER = "AppleJamDemo/AppleJamDemo-Prefix.pch";
				INFOPLIST_FILE = "AppleJamDemo/AppleJamDemo-Info.plist";
				PRODUCT_NAME = "$(TARGET_NAME)";
				WRAPPER_EXTENSION = app;
			};
			name = Debug;
		};
		CA10DEFE15D3F42900D46987 /* Release */ = {
			isa = XCBuildConfiguration;
			buildSettings = {
				COMBINE_HIDPI_IMAGES = YES;
				GCC_PRECOMPILE_PREFIX_HEADER = YES;
				GCC_PREFIX_HEADER = "AppleJamDemo/AppleJamDemo-Prefix.pch";
				INFOPLIST_FILE = "AppleJamDemo/AppleJamDemo-Info.plist";
				PRODUCT_NAME = "$(TARGET_NAME)";
				WRAPPER_EXTENSION = app;
			};
			name = Release;
		};
/* End XCBuildConfiguration section */

/* Begin XCConfigurationList section */
		CA10DED815D3F42800D46987 /* Build configuration list for PBXProject "AppleJamDemo" */ = {
			isa = XCConfigurationList;
			buildConfigurations = (
				CA10DEFA15D3F42900D46987 /* Debug */,
				CA10DEFB15D3F42900D46987 /* Release */,
			);
			defaultConfigurationIsVisible = 0;
			defaultConfigurationName = Release;
		};
		CA10DEFC15D3F42900D46987 /* Build configuration list for PBXNativeTarget "AppleJamDemo" */ = {
			isa = XCConfigurationList;
			buildConfigurations = (
				CA10DEFD15D3F42900D46987 /* Debug */,
				CA10DEFE15D3F42900D46987 /* Release */,
			);
			defaultConfigurationIsVisible = 0;
		};
/* End XCConfigurationList section */
	};
	rootObject = CA10DED515D3F42800D46987 /* Project object */;
}
